
Microsoft Visual Studio Solution File, Format Version 12.00
# Visual Studio Version 16
VisualStudioVersion = 16.0.810.0
MinimumVisualStudioVersion = 10.0.40219.1
Project("{FAE04EC0-301F-11D3-BF4B-00C04F79EFBC}") = "Sunflower", "Sunflower\Sunflower.csproj", "{E7B255AD-42CB-4F99-BD23-F143C7BF91E3}"
EndProject
Global
	GlobalSection(SolutionConfigurationPlatforms) = preSolution
		Debug|Any CPU = Debug|Any CPU
		Release|Any CPU = Release|Any CPU
	EndGlobalSection
	GlobalSection(ProjectConfigurationPlatforms) = postSolution
		{E7B255AD-42CB-4F99-BD23-F143C7BF91E3}.Debug|Any CPU.ActiveCfg = Debug|Any CPU
		{E7B255AD-42CB-4F99-BD23-F143C7BF91E3}.Debug|Any CPU.Build.0 = Debug|Any CPU
		{E7B255AD-42CB-4F99-BD23-F143C7BF91E3}.Release|Any CPU.ActiveCfg = Release|Any CPU
		{E7B255AD-42CB-4F99-BD23-F143C7BF91E3}.Release|Any CPU.Build.0 = Release|Any CPU
	EndGlobalSection
	GlobalSection(SolutionProperties) = preSolution
		HideSolutionNode = FALSE
	EndGlobalSection
	GlobalSection(ExtensibilityGlobals) = postSolution
		SolutionGuid = {17FFFAA5-5DEE-4A4C-93F7-93EE1B044EF9}
	EndGlobalSection
EndGlobal
